
Microsoft Visual Studio Solution File, Format Version 12.00
# Visual Studio Version 17
VisualStudioVersion = 17.14.36109.1
MinimumVisualStudioVersion = 10.0.40219.1
Project("{2150E333-8FDC-42A3-9474-1A3956D46DE8}") = "Enterprise Business Rules", "Enterprise Business Rules", "{02EA681E-C7D8-13C7-8484-4AC65E1B71E8}"
EndProject
Project("{2150E333-8FDC-42A3-9474-1A3956D46DE8}") = "Interface Adapters", "Interface Adapters", "{3C6CD4B9-959C-47DD-A498-0F636732BD1A}"
EndProject
Project("{2150E333-8FDC-42A3-9474-1A3956D46DE8}") = "Gateways", "Gateways", "{85EB0860-664B-4A6A-ABC2-F099E2B8815B}"
EndProject
Project("{2150E333-8FDC-42A3-9474-1A3956D46DE8}") = "Application Business Rules", "Application Business Rules", "{EF11C595-C4C3-479B-B90A-55500C82BC88}"
EndProject
Project("{2150E333-8FDC-42A3-9474-1A3956D46DE8}") = "Presenters", "Presenters", "{9CBA3439-7D4B-4BD8-8EB9-F9EBF0F847BE}"
EndProject
Project("{2150E333-8FDC-42A3-9474-1A3956D46DE8}") = "Controllers", "Controllers", "{10FD96E6-5220-4E91-9A60-44B0AD9CC293}"
EndProject
Project("{2150E333-8FDC-42A3-9474-1A3956D46DE8}") = "Frameworks And Drivers", "Frameworks And Drivers", "{09D4B1FC-DBBF-4681-8C2A-69288F30EB2E}"
EndProject
Project("{2150E333-8FDC-42A3-9474-1A3956D46DE8}") = "UIs", "UIs", "{26B0158F-A7A6-4D54-9EC0-B6B26F4A5D10}"
EndProject
Project("{FAE04EC0-301F-11D3-BF4B-00C04F79EFBC}") = "CleanArchitecture.DTOs", "Application Business Rules\CleanArchitecture.DTOs\CleanArchitecture.DTOs.csproj", "{08F80715-9DD8-B7B1-C329-538A3976AF25}"
EndProject
Project("{FAE04EC0-301F-11D3-BF4B-00C04F79EFBC}") = "CleanArchitecture.UseCases", "Application Business Rules\CleanArchitecture.UseCases\CleanArchitecture.UseCases.csproj", "{432DE9F3-135C-BD65-7E01-DEDE58C7122D}"
EndProject
Project("{FAE04EC0-301F-11D3-BF4B-00C04F79EFBC}") = "CleanArchitecture.UseCasesPorts", "Application Business Rules\CleanArchitecture.UseCasesPorts\CleanArchitecture.UseCasesPorts.csproj", "{0902A64F-0B80-8014-AD58-6A727D223FA6}"
EndProject
Project("{FAE04EC0-301F-11D3-BF4B-00C04F79EFBC}") = "CleanArchitecture.Entities", "Enterprise Business Rules\CleanArchitecture.Entities\CleanArchitecture.Entities.csproj", "{122454D4-6D0B-8CE5-6375-4B72254317FF}"
EndProject
Project("{FAE04EC0-301F-11D3-BF4B-00C04F79EFBC}") = "CleanArchitecture.API", "Frameworks And Drivers\UIs\CleanArchitecture.API\CleanArchitecture.API.csproj", "{67F2AD50-F1F6-0279-B9AE-5D0C796C840A}"
EndProject
Project("{FAE04EC0-301F-11D3-BF4B-00C04F79EFBC}") = "CleanArchitecture.Controllers", "Interface Adapters\Controllers\CleanArchitecture.Controllers\CleanArchitecture.Controllers.csproj", "{7273FAE0-5965-53A3-5937-83C5601ACDB9}"
EndProject
Project("{FAE04EC0-301F-11D3-BF4B-00C04F79EFBC}") = "CleanArchitecture.IoC", "Interface Adapters\Gateways\CleanArchitecture.IoC\CleanArchitecture.IoC.csproj", "{E3A891EE-8F08-8301-7B1C-51AFDC1C106C}"
EndProject
Project("{FAE04EC0-301F-11D3-BF4B-00C04F79EFBC}") = "CleanArchitecture.RepositoryEFCore", "Interface Adapters\Gateways\CleanArchitecture.RepositoryEFCore\CleanArchitecture.RepositoryEFCore.csproj", "{F3E0D655-7AF2-963F-8722-333B18F09366}"
EndProject
Project("{FAE04EC0-301F-11D3-BF4B-00C04F79EFBC}") = "CleanArchitecture.Presenters", "Interface Adapters\Presenters\CleanArchitecture.Presenters\CleanArchitecture.Presenters.csproj", "{F66DA317-67F6-E05A-9541-38D314265B43}"
EndProject
Global
	GlobalSection(SolutionConfigurationPlatforms) = preSolution
		Debug|Any CPU = Debug|Any CPU
		Release|Any CPU = Release|Any CPU
	EndGlobalSection
	GlobalSection(ProjectConfigurationPlatforms) = postSolution
		{08F80715-9DD8-B7B1-C329-538A3976AF25}.Debug|Any CPU.ActiveCfg = Debug|Any CPU
		{08F80715-9DD8-B7B1-C329-538A3976AF25}.Debug|Any CPU.Build.0 = Debug|Any CPU
		{08F80715-9DD8-B7B1-C329-538A3976AF25}.Release|Any CPU.ActiveCfg = Release|Any CPU
		{08F80715-9DD8-B7B1-C329-538A3976AF25}.Release|Any CPU.Build.0 = Release|Any CPU
		{432DE9F3-135C-BD65-7E01-DEDE58C7122D}.Debug|Any CPU.ActiveCfg = Debug|Any CPU
		{432DE9F3-135C-BD65-7E01-DEDE58C7122D}.Debug|Any CPU.Build.0 = Debug|Any CPU
		{432DE9F3-135C-BD65-7E01-DEDE58C7122D}.Release|Any CPU.ActiveCfg = Release|Any CPU
		{432DE9F3-135C-BD65-7E01-DEDE58C7122D}.Release|Any CPU.Build.0 = Release|Any CPU
		{0902A64F-0B80-8014-AD58-6A727D223FA6}.Debug|Any CPU.ActiveCfg = Debug|Any CPU
		{0902A64F-0B80-8014-AD58-6A727D223FA6}.Debug|Any CPU.Build.0 = Debug|Any CPU
		{0902A64F-0B80-8014-AD58-6A727D223FA6}.Release|Any CPU.ActiveCfg = Release|Any CPU
		{0902A64F-0B80-8014-AD58-6A727D223FA6}.Release|Any CPU.Build.0 = Release|Any CPU
		{122454D4-6D0B-8CE5-6375-4B72254317FF}.Debug|Any CPU.ActiveCfg = Debug|Any CPU
		{122454D4-6D0B-8CE5-6375-4B72254317FF}.Debug|Any CPU.Build.0 = Debug|Any CPU
		{122454D4-6D0B-8CE5-6375-4B72254317FF}.Release|Any CPU.ActiveCfg = Release|Any CPU
		{122454D4-6D0B-8CE5-6375-4B72254317FF}.Release|Any CPU.Build.0 = Release|Any CPU
		{67F2AD50-F1F6-0279-B9AE-5D0C796C840A}.Debug|Any CPU.ActiveCfg = Debug|Any CPU
		{67F2AD50-F1F6-0279-B9AE-5D0C796C840A}.Debug|Any CPU.Build.0 = Debug|Any CPU
		{67F2AD50-F1F6-0279-B9AE-5D0C796C840A}.Release|Any CPU.ActiveCfg = Release|Any CPU
		{67F2AD50-F1F6-0279-B9AE-5D0C796C840A}.Release|Any CPU.Build.0 = Release|Any CPU
		{7273FAE0-5965-53A3-5937-83C5601ACDB9}.Debug|Any CPU.ActiveCfg = Debug|Any CPU
		{7273FAE0-5965-53A3-5937-83C5601ACDB9}.Debug|Any CPU.Build.0 = Debug|Any CPU
		{7273FAE0-5965-53A3-5937-83C5601ACDB9}.Release|Any CPU.ActiveCfg = Release|Any CPU
		{7273FAE0-5965-53A3-5937-83C5601ACDB9}.Release|Any CPU.Build.0 = Release|Any CPU
		{E3A891EE-8F08-8301-7B1C-51AFDC1C106C}.Debug|Any CPU.ActiveCfg = Debug|Any CPU
		{E3A891EE-8F08-8301-7B1C-51AFDC1C106C}.Debug|Any CPU.Build.0 = Debug|Any CPU
		{E3A891EE-8F08-8301-7B1C-51AFDC1C106C}.Release|Any CPU.ActiveCfg = Release|Any CPU
		{E3A891EE-8F08-8301-7B1C-51AFDC1C106C}.Release|Any CPU.Build.0 = Release|Any CPU
		{F3E0D655-7AF2-963F-8722-333B18F09366}.Debug|Any CPU.ActiveCfg = Debug|Any CPU
		{F3E0D655-7AF2-963F-8722-333B18F09366}.Debug|Any CPU.Build.0 = Debug|Any CPU
		{F3E0D655-7AF2-963F-8722-333B18F09366}.Release|Any CPU.ActiveCfg = Release|Any CPU
		{F3E0D655-7AF2-963F-8722-333B18F09366}.Release|Any CPU.Build.0 = Release|Any CPU
		{F66DA317-67F6-E05A-9541-38D314265B43}.Debug|Any CPU.ActiveCfg = Debug|Any CPU
		{F66DA317-67F6-E05A-9541-38D314265B43}.Debug|Any CPU.Build.0 = Debug|Any CPU
		{F66DA317-67F6-E05A-9541-38D314265B43}.Release|Any CPU.ActiveCfg = Release|Any CPU
		{F66DA317-67F6-E05A-9541-38D314265B43}.Release|Any CPU.Build.0 = Release|Any CPU
	EndGlobalSection
	GlobalSection(SolutionProperties) = preSolution
		HideSolutionNode = FALSE
	EndGlobalSection
	GlobalSection(NestedProjects) = preSolution
		{85EB0860-664B-4A6A-ABC2-F099E2B8815B} = {3C6CD4B9-959C-47DD-A498-0F636732BD1A}
		{9CBA3439-7D4B-4BD8-8EB9-F9EBF0F847BE} = {3C6CD4B9-959C-47DD-A498-0F636732BD1A}
		{10FD96E6-5220-4E91-9A60-44B0AD9CC293} = {3C6CD4B9-959C-47DD-A498-0F636732BD1A}
		{26B0158F-A7A6-4D54-9EC0-B6B26F4A5D10} = {09D4B1FC-DBBF-4681-8C2A-69288F30EB2E}
		{08F80715-9DD8-B7B1-C329-538A3976AF25} = {EF11C595-C4C3-479B-B90A-55500C82BC88}
		{432DE9F3-135C-BD65-7E01-DEDE58C7122D} = {EF11C595-C4C3-479B-B90A-55500C82BC88}
		{0902A64F-0B80-8014-AD58-6A727D223FA6} = {EF11C595-C4C3-479B-B90A-55500C82BC88}
		{122454D4-6D0B-8CE5-6375-4B72254317FF} = {02EA681E-C7D8-13C7-8484-4AC65E1B71E8}
		{67F2AD50-F1F6-0279-B9AE-5D0C796C840A} = {26B0158F-A7A6-4D54-9EC0-B6B26F4A5D10}
		{7273FAE0-5965-53A3-5937-83C5601ACDB9} = {10FD96E6-5220-4E91-9A60-44B0AD9CC293}
		{E3A891EE-8F08-8301-7B1C-51AFDC1C106C} = {85EB0860-664B-4A6A-ABC2-F099E2B8815B}
		{F3E0D655-7AF2-963F-8722-333B18F09366} = {85EB0860-664B-4A6A-ABC2-F099E2B8815B}
		{F66DA317-67F6-E05A-9541-38D314265B43} = {9CBA3439-7D4B-4BD8-8EB9-F9EBF0F847BE}
	EndGlobalSection
	GlobalSection(ExtensibilityGlobals) = postSolution
		SolutionGuid = {16F7E083-8FB0-44A2-89A3-115031FAC321}
	EndGlobalSection
EndGlobal
